// !$*UTF8*$!
{
	archiveVersion = 1;
	classes = {
	};
	objectVersion = 48;
	objects = {

/* Begin PBXBuildFile section */
		8C1A76BF1FBD037600A5574D /* AppDelegate.m in Sources */ = {isa = PBXBuildFile; fileRef = 8C1A76BE1FBD037600A5574D /* AppDelegate.m */; };
		8C1A76C21FBD037600A5574D /*  ViewController.m in Sources */ = {isa = PBXBuildFile; fileRef = 8C1A76C11FBD037600A5574D /*  ViewController.m */; };
		8C1A76C51FBD037600A5574D /* Main.storyboard in Resources */ = {isa = PBXBuildFile; fileRef = 8C1A76C31FBD037600A5574D /* Main.storyboard */; };
		8C1A76C71FBD037600A5574D /* Assets.xcassets in Resources */ = {isa = PBXBuildFile; fileRef = 8C1A76C61FBD037600A5574D /* Assets.xcassets */; };
		8C1A76CD1FBD037600A5574D /* main.m in Sources */ = {isa = PBXBuildFile; fileRef = 8C1A76CC1FBD037600A5574D /* main.m */; };
		8C1A76D71FBD037600A5574D /* Meatier_ShowerTests.m in Sources */ = {isa = PBXBuildFile; fileRef = 8C1A76D61FBD037600A5574D /* Meatier_ShowerTests.m */; };
		8C1A76E21FBD037600A5574D /* Meatier_ShowerUITests.m in Sources */ = {isa = PBXBuildFile; fileRef = 8C1A76E11FBD037600A5574D /* Meatier_ShowerUITests.m */; };
		8C1A76F41FBD038700A5574D /* giphy.gif in Resources */ = {isa = PBXBuildFile; fileRef = 8C1A76F01FBD038700A5574D /* giphy.gif */; };
		8C1A77021FBD05D700A5574D /* Stars  Space Effect Background .mp4 in Resources */ = {isa = PBXBuildFile; fileRef = 8C1A77011FBD05D700A5574D /* Stars  Space Effect Background .mp4 */; };
		8C1A77041FBD05DB00A5574D /* shoot.png in Resources */ = {isa = PBXBuildFile; fileRef = 8C1A77031FBD05DB00A5574D /* shoot.png */; };
		8C1A77061FBD05E600A5574D /* spaceship.png in Resources */ = {isa = PBXBuildFile; fileRef = 8C1A77051FBD05E600A5574D /* spaceship.png */; };
		8C1A77081FBD074900A5574D /* space background.gif in Resources */ = {isa = PBXBuildFile; fileRef = 8C1A77071FBD074900A5574D /* space background.gif */; };
		8C73EA1F1FCDE61900178E56 /* background.mov in Resources */ = {isa = PBXBuildFile; fileRef = 8C73EA1E1FCDE61800178E56 /* background.mov */; };
		8C73EA331FCDFCE000178E56 /* 10_rock.png in Resources */ = {isa = PBXBuildFile; fileRef = 8C73EA301FCDFCE000178E56 /* 10_rock.png */; };
		8C73EA341FCDFCE000178E56 /* 8_rock.png in Resources */ = {isa = PBXBuildFile; fileRef = 8C73EA311FCDFCE000178E56 /* 8_rock.png */; };
		8C73EA351FCDFCE000178E56 /* 9_rock.png in Resources */ = {isa = PBXBuildFile; fileRef = 8C73EA321FCDFCE000178E56 /* 9_rock.png */; };
		8C73EA3D1FCDFD7200178E56 /* 4_rock.png in Resources */ = {isa = PBXBuildFile; fileRef = 8C73EA361FCDFD7000178E56 /* 4_rock.png */; };
		8C73EA3E1FCDFD7200178E56 /* 7_rock.png in Resources */ = {isa = PBXBuildFile; fileRef = 8C73EA371FCDFD7000178E56 /* 7_rock.png */; };
		8C73EA3F1FCDFD7200178E56 /* 3_rock.png in Resources */ = {isa = PBXBuildFile; fileRef = 8C73EA381FCDFD7100178E56 /* 3_rock.png */; };
		8C73EA401FCDFD7200178E56 /* 5_rock.png in Resources */ = {isa = PBXBuildFile; fileRef = 8C73EA391FCDFD7100178E56 /* 5_rock.png */; };
		8C73EA411FCDFD7200178E56 /* 2_rock.png in Resources */ = {isa = PBXBuildFile; fileRef = 8C73EA3A1FCDFD7100178E56 /* 2_rock.png */; };
		8C73EA421FCDFD7200178E56 /* 1_rock.png in Resources */ = {isa = PBXBuildFile; fileRef = 8C73EA3B1FCDFD7200178E56 /* 1_rock.png */; };
		8C73EA431FCDFD7200178E56 /* 6_rock.png in Resources */ = {isa = PBXBuildFile; fileRef = 8C73EA3C1FCDFD7200178E56 /* 6_rock.png */; };
		8C73EA461FCE64A000178E56 /* ResultViewController.m in Sources */ = {isa = PBXBuildFile; fileRef = 8C73EA451FCE64A000178E56 /* ResultViewController.m */; };
		8C7ED8ED1FC4835B00508CBF /* 2.png in Resources */ = {isa = PBXBuildFile; fileRef = 8C7ED8E61FC4835A00508CBF /* 2.png */; };
		8C7ED8EE1FC4835B00508CBF /* 4.png in Resources */ = {isa = PBXBuildFile; fileRef = 8C7ED8E71FC4835A00508CBF /* 4.png */; };
		8C7ED8EF1FC4835B00508CBF /* 7.png in Resources */ = {isa = PBXBuildFile; fileRef = 8C7ED8E81FC4835A00508CBF /* 7.png */; };
		8C7ED8F01FC4835B00508CBF /* 6.png in Resources */ = {isa = PBXBuildFile; fileRef = 8C7ED8E91FC4835A00508CBF /* 6.png */; };
		8C7ED8F11FC4835B00508CBF /* 1.png in Resources */ = {isa = PBXBuildFile; fileRef = 8C7ED8EA1FC4835A00508CBF /* 1.png */; };
		8C7ED8F21FC4835B00508CBF /* 3.png in Resources */ = {isa = PBXBuildFile; fileRef = 8C7ED8EB1FC4835B00508CBF /* 3.png */; };
		8C7ED8F31FC4835B00508CBF /* 5.png in Resources */ = {isa = PBXBuildFile; fileRef = 8C7ED8EC1FC4835B00508CBF /* 5.png */; };
		8C7ED8F71FC51D1000508CBF /* 8.png in Resources */ = {isa = PBXBuildFile; fileRef = 8C7ED8F61FC4B4DB00508CBF /* 8.png */; };
		8C8C8C6C1FBD29F4000BA90D /* 1080x1920-Space-background.png in Resources */ = {isa = PBXBuildFile; fileRef = 8C8C8C6B1FBD29F3000BA90D /* 1080x1920-Space-background.png */; };
		8CA3C1B31FC3CCF500512EA8 /* AudioToolbox.framework in Frameworks */ = {isa = PBXBuildFile; fileRef = 8CA3C1B21FC3CCE900512EA8 /* AudioToolbox.framework */; };
		8CA7E0B41FBDF02D00060062 /* Meteor Showermenu.jpg in Resources */ = {isa = PBXBuildFile; fileRef = 8CA7E0B31FBDF02D00060062 /* Meteor Showermenu.jpg */; };
		8CA7E0B81FBDF8D500060062 /* Group 3.png in Resources */ = {isa = PBXBuildFile; fileRef = 8CA7E0B51FBDF8D200060062 /* Group 3.png */; };
		8CA7E0B91FBDF8D500060062 /* Group 2.png in Resources */ = {isa = PBXBuildFile; fileRef = 8CA7E0B61FBDF8D300060062 /* Group 2.png */; };
		8CA7E0BA1FBDF8D500060062 /* Custom Picker Dark.png in Resources */ = {isa = PBXBuildFile; fileRef = 8CA7E0B71FBDF8D400060062 /* Custom Picker Dark.png */; };
		8CA7E0BC1FBDFBCE00060062 /* Meteor Showermenu@1x.png in Resources */ = {isa = PBXBuildFile; fileRef = 8CA7E0BB1FBDFBCD00060062 /* Meteor Showermenu@1x.png */; };
		8CA7E0BE1FBDFCCC00060062 /* Slider_ Volume_ Dark.png in Resources */ = {isa = PBXBuildFile; fileRef = 8CA7E0BD1FBDFCCC00060062 /* Slider_ Volume_ Dark.png */; };
		8CA7E0C01FBDFF0700060062 /* Artboard 1.png in Resources */ = {isa = PBXBuildFile; fileRef = 8CA7E0BF1FBDFF0600060062 /* Artboard 1.png */; };
		8CA7E0C21FBE02E900060062 /* Dark.png in Resources */ = {isa = PBXBuildFile; fileRef = 8CA7E0C11FBE02E800060062 /* Dark.png */; };
		8CA7E0C41FBE03DE00060062 /* Meteor Showermenu@2x.png in Resources */ = {isa = PBXBuildFile; fileRef = 8CA7E0C31FBE03DD00060062 /* Meteor Showermenu@2x.png */; };
		8CA7E0C61FBE043400060062 /* Layer  3.png in Resources */ = {isa = PBXBuildFile; fileRef = 8CA7E0C51FBE043300060062 /* Layer  3.png */; };
		8CA7E0C81FBE059700060062 /* iOS 11 Beta Icon 3 - 1024 pixel fullview.png in Resources */ = {isa = PBXBuildFile; fileRef = 8CA7E0C71FBE059700060062 /* iOS 11 Beta Icon 3 - 1024 pixel fullview.png */; };
		8CCA27061FC2446100A5DD31 /* giphy.png in Resources */ = {isa = PBXBuildFile; fileRef = 8CCA27041FC2446100A5DD31 /* giphy.png */; };
		8CCA27081FC2455E00A5DD31 /* space background.jpg in Resources */ = {isa = PBXBuildFile; fileRef = 8CCA27071FC2455E00A5DD31 /* space background.jpg */; };
		8CCA270A1FC249C600A5DD31 /* Launch Screen.storyboard in Resources */ = {isa = PBXBuildFile; fileRef = 8CCA27091FC249C600A5DD31 /* Launch Screen.storyboard */; };
		8CCA270C1FC24FD200A5DD31 /* Meteor Shower.jpg in Resources */ = {isa = PBXBuildFile; fileRef = 8CCA270B1FC24FD100A5DD31 /* Meteor Shower.jpg */; };
		8CDE9D981FCF98B800819D9D /* hit.wav in Resources */ = {isa = PBXBuildFile; fileRef = 8CDE9D961FCF98B700819D9D /* hit.wav */; };
		8CDE9D991FCF98B800819D9D /* over.wav in Resources */ = {isa = PBXBuildFile; fileRef = 8CDE9D971FCF98B800819D9D /* over.wav */; };
		8CDE9D9B1FCFBF7D00819D9D /* MyVeryOwnDeadShip.wav in Resources */ = {isa = PBXBuildFile; fileRef = 8CDE9D9A1FCFBF7D00819D9D /* MyVeryOwnDeadShip.wav */; };
/* End PBXBuildFile section */

/* Begin PBXContainerItemProxy section */
		8C1A76D31FBD037600A5574D /* PBXContainerItemProxy */ = {
			isa = PBXContainerItemProxy;
			containerPortal = 8C1A76B21FBD037600A5574D /* Project object */;
			proxyType = 1;
			remoteGlobalIDString = 8C1A76B91FBD037600A5574D;
			remoteInfo = "Meatier Shower";
		};
		8C1A76DE1FBD037600A5574D /* PBXContainerItemProxy */ = {
			isa = PBXContainerItemProxy;
			containerPortal = 8C1A76B21FBD037600A5574D /* Project object */;
			proxyType = 1;
			remoteGlobalIDString = 8C1A76B91FBD037600A5574D;
			remoteInfo = "Meatier Shower";
		};
/* End PBXContainerItemProxy section */

/* Begin PBXFileReference section */
		8C1A76BA1FBD037600A5574D /* Meatier Shower.app */ = {isa = PBXFileReference; explicitFileType = wrapper.application; includeInIndex = 0; path = "Meatier Shower.app"; sourceTree = BUILT_PRODUCTS_DIR; };
		8C1A76BD1FBD037600A5574D /* AppDelegate.h */ = {isa = PBXFileReference; lastKnownFileType = sourcecode.c.h; path = AppDelegate.h; sourceTree = "<group>"; };
		8C1A76BE1FBD037600A5574D /* AppDelegate.m */ = {isa = PBXFileReference; lastKnownFileType = sourcecode.c.objc; path = AppDelegate.m; sourceTree = "<group>"; };
		8C1A76C01FBD037600A5574D /* ViewController.h */ = {isa = PBXFileReference; lastKnownFileType = sourcecode.c.h; path = ViewController.h; sourceTree = "<group>"; };
		8C1A76C11FBD037600A5574D /*  ViewController.m */ = {isa = PBXFileReference; lastKnownFileType = sourcecode.c.objc; path = " ViewController.m"; sourceTree = "<group>"; };
		8C1A76C41FBD037600A5574D /* Base */ = {isa = PBXFileReference; lastKnownFileType = file.storyboard; name = Base; path = Base.lproj/Main.storyboard; sourceTree = "<group>"; };
		8C1A76C61FBD037600A5574D /* Assets.xcassets */ = {isa = PBXFileReference; lastKnownFileType = folder.assetcatalog; path = Assets.xcassets; sourceTree = "<group>"; };
		8C1A76CB1FBD037600A5574D /* Info.plist */ = {isa = PBXFileReference; lastKnownFileType = text.plist.xml; path = Info.plist; sourceTree = "<group>"; };
		8C1A76CC1FBD037600A5574D /* main.m */ = {isa = PBXFileReference; lastKnownFileType = sourcecode.c.objc; path = main.m; sourceTree = "<group>"; };
		8C1A76D21FBD037600A5574D /* Meatier ShowerTests.xctest */ = {isa = PBXFileReference; explicitFileType = wrapper.cfbundle; includeInIndex = 0; path = "Meatier ShowerTests.xctest"; sourceTree = BUILT_PRODUCTS_DIR; };
		8C1A76D61FBD037600A5574D /* Meatier_ShowerTests.m */ = {isa = PBXFileReference; lastKnownFileType = sourcecode.c.objc; path = Meatier_ShowerTests.m; sourceTree = "<group>"; };
		8C1A76D81FBD037600A5574D /* Info.plist */ = {isa = PBXFileReference; lastKnownFileType = text.plist.xml; path = Info.plist; sourceTree = "<group>"; };
		8C1A76DD1FBD037600A5574D /* Meatier ShowerUITests.xctest */ = {isa = PBXFileReference; explicitFileType = wrapper.cfbundle; includeInIndex = 0; path = "Meatier ShowerUITests.xctest"; sourceTree = BUILT_PRODUCTS_DIR; };
		8C1A76E11FBD037600A5574D /* Meatier_ShowerUITests.m */ = {isa = PBXFileReference; lastKnownFileType = sourcecode.c.objc; path = Meatier_ShowerUITests.m; sourceTree = "<group>"; };
		8C1A76E31FBD037600A5574D /* Info.plist */ = {isa = PBXFileReference; lastKnownFileType = text.plist.xml; path = Info.plist; sourceTree = "<group>"; };
		8C1A76F01FBD038700A5574D /* giphy.gif */ = {isa = PBXFileReference; lastKnownFileType = image.gif; name = giphy.gif; path = "space /giphy.gif"; sourceTree = "<group>"; };
		8C1A77011FBD05D700A5574D /* Stars  Space Effect Background .mp4 */ = {isa = PBXFileReference; lastKnownFileType = file; path = "Stars  Space Effect Background .mp4"; sourceTree = "<group>"; };
		8C1A77031FBD05DB00A5574D /* shoot.png */ = {isa = PBXFileReference; lastKnownFileType = image.png; path = shoot.png; sourceTree = "<group>"; };
		8C1A77051FBD05E600A5574D /* spaceship.png */ = {isa = PBXFileReference; lastKnownFileType = image.png; path = spaceship.png; sourceTree = "<group>"; };
		8C1A77071FBD074900A5574D /* space background.gif */ = {isa = PBXFileReference; lastKnownFileType = image.gif; path = "space background.gif"; sourceTree = "<group>"; };
		8C73EA1E1FCDE61800178E56 /* background.mov */ = {isa = PBXFileReference; lastKnownFileType = video.quicktime; path = background.mov; sourceTree = "<group>"; };
		8C73EA301FCDFCE000178E56 /* 10_rock.png */ = {isa = PBXFileReference; lastKnownFileType = image.png; name = 10_rock.png; path = "space /10_rock.png"; sourceTree = "<group>"; };
		8C73EA311FCDFCE000178E56 /* 8_rock.png */ = {isa = PBXFileReference; lastKnownFileType = image.png; name = 8_rock.png; path = "space /8_rock.png"; sourceTree = "<group>"; };
		8C73EA321FCDFCE000178E56 /* 9_rock.png */ = {isa = PBXFileReference; lastKnownFileType = image.png; name = 9_rock.png; path = "space /9_rock.png"; sourceTree = "<group>"; };
		8C73EA361FCDFD7000178E56 /* 4_rock.png */ = {isa = PBXFileReference; lastKnownFileType = image.png; name = 4_rock.png; path = "space /4_rock.png"; sourceTree = "<group>"; };
		8C73EA371FCDFD7000178E56 /* 7_rock.png */ = {isa = PBXFileReference; lastKnownFileType = image.png; name = 7_rock.png; path = "space /7_rock.png"; sourceTree = "<group>"; };
		8C73EA381FCDFD7100178E56 /* 3_rock.png */ = {isa = PBXFileReference; lastKnownFileType = image.png; name = 3_rock.png; path = "space /3_rock.png"; sourceTree = "<group>"; };
		8C73EA391FCDFD7100178E56 /* 5_rock.png */ = {isa = PBXFileReference; lastKnownFileType = image.png; name = 5_rock.png; path = "space /5_rock.png"; sourceTree = "<group>"; };
		8C73EA3A1FCDFD7100178E56 /* 2_rock.png */ = {isa = PBXFileReference; lastKnownFileType = image.png; name = 2_rock.png; path = "space /2_rock.png"; sourceTree = "<group>"; };
		8C73EA3B1FCDFD7200178E56 /* 1_rock.png */ = {isa = PBXFileReference; lastKnownFileType = image.png; name = 1_rock.png; path = "space /1_rock.png"; sourceTree = "<group>"; };
		8C73EA3C1FCDFD7200178E56 /* 6_rock.png */ = {isa = PBXFileReference; lastKnownFileType = image.png; name = 6_rock.png; path = "space /6_rock.png"; sourceTree = "<group>"; };
		8C73EA441FCE64A000178E56 /* ResultViewController.h */ = {isa = PBXFileReference; lastKnownFileType = sourcecode.c.h; path = ResultViewController.h; sourceTree = "<group>"; };
		8C73EA451FCE64A000178E56 /* ResultViewController.m */ = {isa = PBXFileReference; lastKnownFileType = sourcecode.c.objc; path = ResultViewController.m; sourceTree = "<group>"; };
		8C7ED8E61FC4835A00508CBF /* 2.png */ = {isa = PBXFileReference; lastKnownFileType = image.png; name = 2.png; path = "space /spirit/2.png"; sourceTree = "<group>"; };
		8C7ED8E71FC4835A00508CBF /* 4.png */ = {isa = PBXFileReference; lastKnownFileType = image.png; name = 4.png; path = "space /spirit/4.png"; sourceTree = "<group>"; };
		8C7ED8E81FC4835A00508CBF /* 7.png */ = {isa = PBXFileReference; lastKnownFileType = image.png; name = 7.png; path = "space /spirit/7.png"; sourceTree = "<group>"; };
		8C7ED8E91FC4835A00508CBF /* 6.png */ = {isa = PBXFileReference; lastKnownFileType = image.png; name = 6.png; path = "space /spirit/6.png"; sourceTree = "<group>"; };
		8C7ED8EA1FC4835A00508CBF /* 1.png */ = {isa = PBXFileReference; lastKnownFileType = image.png; name = 1.png; path = "space /spirit/1.png"; sourceTree = "<group>"; };
		8C7ED8EB1FC4835B00508CBF /* 3.png */ = {isa = PBXFileReference; lastKnownFileType = image.png; name = 3.png; path = "space /spirit/3.png"; sourceTree = "<group>"; };
		8C7ED8EC1FC4835B00508CBF /* 5.png */ = {isa = PBXFileReference; lastKnownFileType = image.png; name = 5.png; path = "space /spirit/5.png"; sourceTree = "<group>"; };
		8C7ED8F61FC4B4DB00508CBF /* 8.png */ = {isa = PBXFileReference; lastKnownFileType = image.png; name = 8.png; path = "/Users/Ahmedsamir/Documents/xcode/Meatier Shower/8.png"; sourceTree = "<absolute>"; };
		8C7ED8F81FC5209200508CBF /* 8.png */ = {isa = PBXFileReference; lastKnownFileType = image.png; name = 8.png; path = "/Users/Ahmedsamir/Documents/xcode/Meatier Shower/8.png"; sourceTree = "<absolute>"; };
		8C8C8C6B1FBD29F3000BA90D /* 1080x1920-Space-background.png */ = {isa = PBXFileReference; lastKnownFileType = image.png; path = "1080x1920-Space-background.png"; sourceTree = "<group>"; };
		8CA3C1B21FC3CCE900512EA8 /* AudioToolbox.framework */ = {isa = PBXFileReference; lastKnownFileType = wrapper.framework; name = AudioToolbox.framework; path = System/Library/Frameworks/AudioToolbox.framework; sourceTree = SDKROOT; };
		8CA7E0B31FBDF02D00060062 /* Meteor Showermenu.jpg */ = {isa = PBXFileReference; lastKnownFileType = image.jpeg; path = "Meteor Showermenu.jpg"; sourceTree = "<group>"; };
		8CA7E0B51FBDF8D200060062 /* Group 3.png */ = {isa = PBXFileReference; lastKnownFileType = image.png; path = "Group 3.png"; sourceTree = "<group>"; };
		8CA7E0B61FBDF8D300060062 /* Group 2.png */ = {isa = PBXFileReference; lastKnownFileType = image.png; path = "Group 2.png"; sourceTree = "<group>"; };
		8CA7E0B71FBDF8D400060062 /* Custom Picker Dark.png */ = {isa = PBXFileReference; lastKnownFileType = image.png; path = "Custom Picker Dark.png"; sourceTree = "<group>"; };
		8CA7E0BB1FBDFBCD00060062 /* Meteor Showermenu@1x.png */ = {isa = PBXFileReference; lastKnownFileType = image.png; path = "Meteor Showermenu@1x.png"; sourceTree = "<group>"; };
		8CA7E0BD1FBDFCCC00060062 /* Slider_ Volume_ Dark.png */ = {isa = PBXFileReference; lastKnownFileType = image.png; path = "Slider_ Volume_ Dark.png"; sourceTree = "<group>"; };
		8CA7E0BF1FBDFF0600060062 /* Artboard 1.png */ = {isa = PBXFileReference; lastKnownFileType = image.png; path = "Artboard 1.png"; sourceTree = "<group>"; };
		8CA7E0C11FBE02E800060062 /* Dark.png */ = {isa = PBXFileReference; lastKnownFileType = image.png; path = Dark.png; sourceTree = "<group>"; };
		8CA7E0C31FBE03DD00060062 /* Meteor Showermenu@2x.png */ = {isa = PBXFileReference; lastKnownFileType = image.png; path = "Meteor Showermenu@2x.png"; sourceTree = "<group>"; };
		8CA7E0C51FBE043300060062 /* Layer  3.png */ = {isa = PBXFileReference; lastKnownFileType = image.png; path = "Layer  3.png"; sourceTree = "<group>"; };
		8CA7E0C71FBE059700060062 /* iOS 11 Beta Icon 3 - 1024 pixel fullview.png */ = {isa = PBXFileReference; lastKnownFileType = image.png; path = "iOS 11 Beta Icon 3 - 1024 pixel fullview.png"; sourceTree = "<group>"; };
		8CCA27041FC2446100A5DD31 /* giphy.png */ = {isa = PBXFileReference; lastKnownFileType = image.png; path = giphy.png; sourceTree = SOURCE_ROOT; };
		8CCA27071FC2455E00A5DD31 /* space background.jpg */ = {isa = PBXFileReference; lastKnownFileType = image.jpeg; path = "space background.jpg"; sourceTree = SOURCE_ROOT; };
		8CCA27091FC249C600A5DD31 /* Launch Screen.storyboard */ = {isa = PBXFileReference; lastKnownFileType = file.storyboard; path = "Launch Screen.storyboard"; sourceTree = "<group>"; };
		8CCA270B1FC24FD100A5DD31 /* Meteor Shower.jpg */ = {isa = PBXFileReference; lastKnownFileType = image.jpeg; path = "Meteor Shower.jpg"; sourceTree = "<group>"; };
		8CDE9D961FCF98B700819D9D /* hit.wav */ = {isa = PBXFileReference; lastKnownFileType = audio.wav; path = hit.wav; sourceTree = "<group>"; };
		8CDE9D971FCF98B800819D9D /* over.wav */ = {isa = PBXFileReference; lastKnownFileType = audio.wav; path = over.wav; sourceTree = "<group>"; };
		8CDE9D9A1FCFBF7D00819D9D /* MyVeryOwnDeadShip.wav */ = {isa = PBXFileReference; lastKnownFileType = audio.wav; path = MyVeryOwnDeadShip.wav; sourceTree = "<group>"; };
/* End PBXFileReference section */

/* Begin PBXFrameworksBuildPhase section */
		8C1A76B71FBD037600A5574D /* Frameworks */ = {
			isa = PBXFrameworksBuildPhase;
			buildActionMask = 2147483647;
			files = (
				8CA3C1B31FC3CCF500512EA8 /* AudioToolbox.framework in Frameworks */,
			);
			runOnlyForDeploymentPostprocessing = 0;
		};
		8C1A76CF1FBD037600A5574D /* Frameworks */ = {
			isa = PBXFrameworksBuildPhase;
			buildActionMask = 2147483647;
			files = (
			);
			runOnlyForDeploymentPostprocessing = 0;
		};
		8C1A76DA1FBD037600A5574D /* Frameworks */ = {
			isa = PBXFrameworksBuildPhase;
			buildActionMask = 2147483647;
			files = (
			);
			runOnlyForDeploymentPostprocessing = 0;
		};
/* End PBXFrameworksBuildPhase section */

/* Begin PBXGroup section */
		8C1A76B11FBD037600A5574D = {
			isa = PBXGroup;
			children = (
				8C1A76BC1FBD037600A5574D /* Meatier Shower */,
				8C1A76D51FBD037600A5574D /* Meatier ShowerTests */,
				8C1A76E01FBD037600A5574D /* Meatier ShowerUITests */,
				8C1A76BB1FBD037600A5574D /* Products */,
				8CDE9D9A1FCFBF7D00819D9D /* MyVeryOwnDeadShip.wav */,
				8CDE9D961FCF98B700819D9D /* hit.wav */,
				8CDE9D971FCF98B800819D9D /* over.wav */,
				8C73EA3B1FCDFD7200178E56 /* 1_rock.png */,
				8C73EA3A1FCDFD7100178E56 /* 2_rock.png */,
				8C73EA381FCDFD7100178E56 /* 3_rock.png */,
				8C73EA361FCDFD7000178E56 /* 4_rock.png */,
				8C73EA391FCDFD7100178E56 /* 5_rock.png */,
				8C73EA3C1FCDFD7200178E56 /* 6_rock.png */,
				8C73EA371FCDFD7000178E56 /* 7_rock.png */,
				8C73EA311FCDFCE000178E56 /* 8_rock.png */,
				8C73EA321FCDFCE000178E56 /* 9_rock.png */,
				8C73EA301FCDFCE000178E56 /* 10_rock.png */,
				8C73EA1E1FCDE61800178E56 /* background.mov */,
				8C7ED8F61FC4B4DB00508CBF /* 8.png */,
				8C7ED8F81FC5209200508CBF /* 8.png */,
				8C7ED8EA1FC4835A00508CBF /* 1.png */,
				8C7ED8E61FC4835A00508CBF /* 2.png */,
				8C7ED8EB1FC4835B00508CBF /* 3.png */,
				8C7ED8E71FC4835A00508CBF /* 4.png */,
				8C7ED8EC1FC4835B00508CBF /* 5.png */,
				8C7ED8E91FC4835A00508CBF /* 6.png */,
				8C7ED8E81FC4835A00508CBF /* 7.png */,
				8CCA27071FC2455E00A5DD31 /* space background.jpg */,
				8CCA270B1FC24FD100A5DD31 /* Meteor Shower.jpg */,
				8CCA27041FC2446100A5DD31 /* giphy.png */,
				8CA7E0C31FBE03DD00060062 /* Meteor Showermenu@2x.png */,
				8CA7E0C71FBE059700060062 /* iOS 11 Beta Icon 3 - 1024 pixel fullview.png */,
				8CA7E0C51FBE043300060062 /* Layer  3.png */,
				8CA7E0B71FBDF8D400060062 /* Custom Picker Dark.png */,
				8CA7E0C11FBE02E800060062 /* Dark.png */,
				8CA7E0B61FBDF8D300060062 /* Group 2.png */,
				8CA7E0B51FBDF8D200060062 /* Group 3.png */,
				8CA7E0BB1FBDFBCD00060062 /* Meteor Showermenu@1x.png */,
				8C1A76F01FBD038700A5574D /* giphy.gif */,
				8CA7E0BF1FBDFF0600060062 /* Artboard 1.png */,
				8CA7E0BD1FBDFCCC00060062 /* Slider_ Volume_ Dark.png */,
				8C8C8C6B1FBD29F3000BA90D /* 1080x1920-Space-background.png */,
				8CA7E0B31FBDF02D00060062 /* Meteor Showermenu.jpg */,
				8C1A77071FBD074900A5574D /* space background.gif */,
				8C1A77011FBD05D700A5574D /* Stars  Space Effect Background .mp4 */,
				8C1A77031FBD05DB00A5574D /* shoot.png */,
				8C1A77051FBD05E600A5574D /* spaceship.png */,
				8CA3C1B11FC3CCE900512EA8 /* Frameworks */,
			);
			sourceTree = "<group>";
		};
		8C1A76BB1FBD037600A5574D /* Products */ = {
			isa = PBXGroup;
			children = (
				8C1A76BA1FBD037600A5574D /* Meatier Shower.app */,
				8C1A76D21FBD037600A5574D /* Meatier ShowerTests.xctest */,
				8C1A76DD1FBD037600A5574D /* Meatier ShowerUITests.xctest */,
			);
			name = Products;
			sourceTree = "<group>";
		};
		8C1A76BC1FBD037600A5574D /* Meatier Shower */ = {
			isa = PBXGroup;
			children = (
				8C1A76BD1FBD037600A5574D /* AppDelegate.h */,
				8C1A76BE1FBD037600A5574D /* AppDelegate.m */,
				8C1A76C01FBD037600A5574D /* ViewController.h */,
				8C1A76C11FBD037600A5574D /*  ViewController.m */,
				8C73EA441FCE64A000178E56 /* ResultViewController.h */,
				8C73EA451FCE64A000178E56 /* ResultViewController.m */,
				8C1A76C31FBD037600A5574D /* Main.storyboard */,
				8CCA27091FC249C600A5DD31 /* Launch Screen.storyboard */,
				8C1A76C61FBD037600A5574D /* Assets.xcassets */,
				8C1A76CB1FBD037600A5574D /* Info.plist */,
				8C1A76CC1FBD037600A5574D /* main.m */,
			);
			path = "Meatier Shower";
			sourceTree = "<group>";
		};
		8C1A76D51FBD037600A5574D /* Meatier ShowerTests */ = {
			isa = PBXGroup;
			children = (
				8C1A76D61FBD037600A5574D /* Meatier_ShowerTests.m */,
				8C1A76D81FBD037600A5574D /* Info.plist */,
			);
			path = "Meatier ShowerTests";
			sourceTree = "<group>";
		};
		8C1A76E01FBD037600A5574D /* Meatier ShowerUITests */ = {
			isa = PBXGroup;
			children = (
				8C1A76E11FBD037600A5574D /* Meatier_ShowerUITests.m */,
				8C1A76E31FBD037600A5574D /* Info.plist */,
			);
			path = "Meatier ShowerUITests";
			sourceTree = "<group>";
		};
		8CA3C1B11FC3CCE900512EA8 /* Frameworks */ = {
			isa = PBXGroup;
			children = (
				8CA3C1B21FC3CCE900512EA8 /* AudioToolbox.framework */,
			);
			name = Frameworks;
			sourceTree = "<group>";
		};
/* End PBXGroup section */

/* Begin PBXNativeTarget section */
		8C1A76B91FBD037600A5574D /* Meatier Shower */ = {
			isa = PBXNativeTarget;
			buildConfigurationList = 8C1A76E61FBD037600A5574D /* Build configuration list for PBXNativeTarget "Meatier Shower" */;
			buildPhases = (
				8C1A76B61FBD037600A5574D /* Sources */,
				8C1A76B71FBD037600A5574D /* Frameworks */,
				8C1A76B81FBD037600A5574D /* Resources */,
			);
			buildRules = (
			);
			dependencies = (
			);
			name = "Meatier Shower";
			productName = "Meatier Shower";
			productReference = 8C1A76BA1FBD037600A5574D /* Meatier Shower.app */;
			productType = "com.apple.product-type.application";
		};
		8C1A76D11FBD037600A5574D /* Meatier ShowerTests */ = {
			isa = PBXNativeTarget;
			buildConfigurationList = 8C1A76E91FBD037600A5574D /* Build configuration list for PBXNativeTarget "Meatier ShowerTests" */;
			buildPhases = (
				8C1A76CE1FBD037600A5574D /* Sources */,
				8C1A76CF1FBD037600A5574D /* Frameworks */,
				8C1A76D01FBD037600A5574D /* Resources */,
			);
			buildRules = (
			);
			dependencies = (
				8C1A76D41FBD037600A5574D /* PBXTargetDependency */,
			);
			name = "Meatier ShowerTests";
			productName = "Meatier ShowerTests";
			productReference = 8C1A76D21FBD037600A5574D /* Meatier ShowerTests.xctest */;
			productType = "com.apple.product-type.bundle.unit-test";
		};
		8C1A76DC1FBD037600A5574D /* Meatier ShowerUITests */ = {
			isa = PBXNativeTarget;
			buildConfigurationList = 8C1A76EC1FBD037600A5574D /* Build configuration list for PBXNativeTarget "Meatier ShowerUITests" */;
			buildPhases = (
				8C1A76D91FBD037600A5574D /* Sources */,
				8C1A76DA1FBD037600A5574D /* Frameworks */,
				8C1A76DB1FBD037600A5574D /* Resources */,
			);
			buildRules = (
			);
			dependencies = (
				8C1A76DF1FBD037600A5574D /* PBXTargetDependency */,
			);
			name = "Meatier ShowerUITests";
			productName = "Meatier ShowerUITests";
			productReference = 8C1A76DD1FBD037600A5574D /* Meatier ShowerUITests.xctest */;
			productType = "com.apple.product-type.bundle.ui-testing";
		};
/* End PBXNativeTarget section */

/* Begin PBXProject section */
		8C1A76B21FBD037600A5574D /* Project object */ = {
			isa = PBXProject;
			attributes = {
				LastUpgradeCheck = 0900;
				ORGANIZATIONNAME = "University of leeds";
				TargetAttributes = {
					8C1A76B91FBD037600A5574D = {
						CreatedOnToolsVersion = 9.0.1;
						ProvisioningStyle = Automatic;
					};
					8C1A76D11FBD037600A5574D = {
						CreatedOnToolsVersion = 9.0.1;
						ProvisioningStyle = Automatic;
						TestTargetID = 8C1A76B91FBD037600A5574D;
					};
					8C1A76DC1FBD037600A5574D = {
						CreatedOnToolsVersion = 9.0.1;
						ProvisioningStyle = Automatic;
						TestTargetID = 8C1A76B91FBD037600A5574D;
					};
				};
			};
			buildConfigurationList = 8C1A76B51FBD037600A5574D /* Build configuration list for PBXProject "Meatier Shower" */;
			compatibilityVersion = "Xcode 8.0";
			developmentRegion = en;
			hasScannedForEncodings = 0;
			knownRegions = (
				en,
				Base,
			);
			mainGroup = 8C1A76B11FBD037600A5574D;
			productRefGroup = 8C1A76BB1FBD037600A5574D /* Products */;
			projectDirPath = "";
			projectRoot = "";
			targets = (
				8C1A76B91FBD037600A5574D /* Meatier Shower */,
				8C1A76D11FBD037600A5574D /* Meatier ShowerTests */,
				8C1A76DC1FBD037600A5574D /* Meatier ShowerUITests */,
			);
		};
/* End PBXProject section */

/* Begin PBXResourcesBuildPhase section */
		8C1A76B81FBD037600A5574D /* Resources */ = {
			isa = PBXResourcesBuildPhase;
			buildActionMask = 2147483647;
			files = (
				8CDE9D981FCF98B800819D9D /* hit.wav in Resources */,
				8C73EA3F1FCDFD7200178E56 /* 3_rock.png in Resources */,
				8C7ED8F71FC51D1000508CBF /* 8.png in Resources */,
				8C1A77021FBD05D700A5574D /* Stars  Space Effect Background .mp4 in Resources */,
				8C73EA331FCDFCE000178E56 /* 10_rock.png in Resources */,
				8C7ED8EF1FC4835B00508CBF /* 7.png in Resources */,
				8CA7E0C01FBDFF0700060062 /* Artboard 1.png in Resources */,
				8C7ED8F01FC4835B00508CBF /* 6.png in Resources */,
				8CDE9D991FCF98B800819D9D /* over.wav in Resources */,
				8C1A77061FBD05E600A5574D /* spaceship.png in Resources */,
				8C7ED8EE1FC4835B00508CBF /* 4.png in Resources */,
				8C1A77041FBD05DB00A5574D /* shoot.png in Resources */,
				8CA7E0C41FBE03DE00060062 /* Meteor Showermenu@2x.png in Resources */,
				8CCA27061FC2446100A5DD31 /* giphy.png in Resources */,
				8C73EA1F1FCDE61900178E56 /* background.mov in Resources */,
				8C73EA401FCDFD7200178E56 /* 5_rock.png in Resources */,
				8CCA270A1FC249C600A5DD31 /* Launch Screen.storyboard in Resources */,
				8C1A76F41FBD038700A5574D /* giphy.gif in Resources */,
				8C7ED8F21FC4835B00508CBF /* 3.png in Resources */,
				8C73EA431FCDFD7200178E56 /* 6_rock.png in Resources */,
				8C73EA3D1FCDFD7200178E56 /* 4_rock.png in Resources */,
				8CA7E0B81FBDF8D500060062 /* Group 3.png in Resources */,
				8CA7E0BC1FBDFBCE00060062 /* Meteor Showermenu@1x.png in Resources */,
				8C7ED8F11FC4835B00508CBF /* 1.png in Resources */,
				8CA7E0C81FBE059700060062 /* iOS 11 Beta Icon 3 - 1024 pixel fullview.png in Resources */,
				8C1A77081FBD074900A5574D /* space background.gif in Resources */,
				8CCA27081FC2455E00A5DD31 /* space background.jpg in Resources */,
				8C1A76C71FBD037600A5574D /* Assets.xcassets in Resources */,
				8C73EA351FCDFCE000178E56 /* 9_rock.png in Resources */,
				8CDE9D9B1FCFBF7D00819D9D /* MyVeryOwnDeadShip.wav in Resources */,
				8CA7E0C21FBE02E900060062 /* Dark.png in Resources */,
				8C73EA3E1FCDFD7200178E56 /* 7_rock.png in Resources */,
				8C73EA421FCDFD7200178E56 /* 1_rock.png in Resources */,
				8CA7E0BE1FBDFCCC00060062 /* Slider_ Volume_ Dark.png in Resources */,
				8C73EA411FCDFD7200178E56 /* 2_rock.png in Resources */,
				8C7ED8F31FC4835B00508CBF /* 5.png in Resources */,
				8CCA270C1FC24FD200A5DD31 /* Meteor Shower.jpg in Resources */,
				8CA7E0C61FBE043400060062 /* Layer  3.png in Resources */,
				8C7ED8ED1FC4835B00508CBF /* 2.png in Resources */,
				8CA7E0B41FBDF02D00060062 /* Meteor Showermenu.jpg in Resources */,
				8CA7E0B91FBDF8D500060062 /* Group 2.png in Resources */,
				8CA7E0BA1FBDF8D500060062 /* Custom Picker Dark.png in Resources */,
				8C73EA341FCDFCE000178E56 /* 8_rock.png in Resources */,
				8C8C8C6C1FBD29F4000BA90D /* 1080x1920-Space-background.png in Resources */,
				8C1A76C51FBD037600A5574D /* Main.storyboard in Resources */,
			);
			runOnlyForDeploymentPostprocessing = 0;
		};
		8C1A76D01FBD037600A5574D /* Resources */ = {
			isa = PBXResourcesBuildPhase;
			buildActionMask = 2147483647;
			files = (
			);
			runOnlyForDeploymentPostprocessing = 0;
		};
		8C1A76DB1FBD037600A5574D /* Resources */ = {
			isa = PBXResourcesBuildPhase;
			buildActionMask = 2147483647;
			files = (
			);
			runOnlyForDeploymentPostprocessing = 0;
		};
/* End PBXResourcesBuildPhase section */

/* Begin PBXSourcesBuildPhase section */
		8C1A76B61FBD037600A5574D /* Sources */ = {
			isa = PBXSourcesBuildPhase;
			buildActionMask = 2147483647;
			files = (
				8C1A76C21FBD037600A5574D /*  ViewController.m in Sources */,
				8C1A76CD1FBD037600A5574D /* main.m in Sources */,
				8C1A76BF1FBD037600A5574D /* AppDelegate.m in Sources */,
				8C73EA461FCE64A000178E56 /* ResultViewController.m in Sources */,
			);
			runOnlyForDeploymentPostprocessing = 0;
		};
		8C1A76CE1FBD037600A5574D /* Sources */ = {
			isa = PBXSourcesBuildPhase;
			buildActionMask = 2147483647;
			files = (
				8C1A76D71FBD037600A5574D /* Meatier_ShowerTests.m in Sources */,
			);
			runOnlyForDeploymentPostprocessing = 0;
		};
		8C1A76D91FBD037600A5574D /* Sources */ = {
			isa = PBXSourcesBuildPhase;
			buildActionMask = 2147483647;
			files = (
				8C1A76E21FBD037600A5574D /* Meatier_ShowerUITests.m in Sources */,
			);
			runOnlyForDeploymentPostprocessing = 0;
		};
/* End PBXSourcesBuildPhase section */

/* Begin PBXTargetDependency section */
		8C1A76D41FBD037600A5574D /* PBXTargetDependency */ = {
			isa = PBXTargetDependency;
			target = 8C1A76B91FBD037600A5574D /* Meatier Shower */;
			targetProxy = 8C1A76D31FBD037600A5574D /* PBXContainerItemProxy */;
		};
		8C1A76DF1FBD037600A5574D /* PBXTargetDependency */ = {
			isa = PBXTargetDependency;
			target = 8C1A76B91FBD037600A5574D /* Meatier Shower */;
			targetProxy = 8C1A76DE1FBD037600A5574D /* PBXContainerItemProxy */;
		};
/* End PBXTargetDependency section */

/* Begin PBXVariantGroup section */
		8C1A76C31FBD037600A5574D /* Main.storyboard */ = {
			isa = PBXVariantGroup;
			children = (
				8C1A76C41FBD037600A5574D /* Base */,
			);
			name = Main.storyboard;
			sourceTree = "<group>";
		};
/* End PBXVariantGroup section */

/* Begin XCBuildConfiguration section */
		8C1A76E41FBD037600A5574D /* Debug */ = {
			isa = XCBuildConfiguration;
			buildSettings = {
				ALWAYS_SEARCH_USER_PATHS = NO;
				CLANG_ANALYZER_NONNULL = YES;
				CLANG_ANALYZER_NUMBER_OBJECT_CONVERSION = YES_AGGRESSIVE;
				CLANG_CXX_LANGUAGE_STANDARD = "gnu++14";
				CLANG_CXX_LIBRARY = "libc++";
				CLANG_ENABLE_MODULES = YES;
				CLANG_ENABLE_OBJC_ARC = YES;
				CLANG_WARN_BLOCK_CAPTURE_AUTORELEASING = YES;
				CLANG_WARN_BOOL_CONVERSION = YES;
				CLANG_WARN_COMMA = YES;
				CLANG_WARN_CONSTANT_CONVERSION = YES;
				CLANG_WARN_DIRECT_OBJC_ISA_USAGE = YES_ERROR;
				CLANG_WARN_DOCUMENTATION_COMMENTS = YES;
				CLANG_WARN_EMPTY_BODY = YES;
				CLANG_WARN_ENUM_CONVERSION = YES;
				CLANG_WARN_INFINITE_RECURSION = YES;
				CLANG_WARN_INT_CONVERSION = YES;
				CLANG_WARN_NON_LITERAL_NULL_CONVERSION = YES;
				CLANG_WARN_OBJC_LITERAL_CONVERSION = YES;
				CLANG_WARN_OBJC_ROOT_CLASS = YES_ERROR;
				CLANG_WARN_RANGE_LOOP_ANALYSIS = YES;
				CLANG_WARN_STRICT_PROTOTYPES = YES;
				CLANG_WARN_SUSPICIOUS_MOVE = YES;
				CLANG_WARN_UNGUARDED_AVAILABILITY = YES_AGGRESSIVE;
				CLANG_WARN_UNREACHABLE_CODE = YES;
				CLANG_WARN__DUPLICATE_METHOD_MATCH = YES;
				CODE_SIGN_IDENTITY = "iPhone Developer";
				COPY_PHASE_STRIP = NO;
				DEBUG_INFORMATION_FORMAT = dwarf;
				ENABLE_STRICT_OBJC_MSGSEND = YES;
				ENABLE_TESTABILITY = YES;
				GCC_C_LANGUAGE_STANDARD = gnu11;
				GCC_DYNAMIC_NO_PIC = NO;
				GCC_NO_COMMON_BLOCKS = YES;
				GCC_OPTIMIZATION_LEVEL = 0;
				GCC_PREPROCESSOR_DEFINITIONS = (
					"DEBUG=1",
					"$(inherited)",
				);
				GCC_WARN_64_TO_32_BIT_CONVERSION = YES;
				GCC_WARN_ABOUT_RETURN_TYPE = YES_ERROR;
				GCC_WARN_UNDECLARED_SELECTOR = YES;
				GCC_WARN_UNINITIALIZED_AUTOS = YES_AGGRESSIVE;
				GCC_WARN_UNUSED_FUNCTION = YES;
				GCC_WARN_UNUSED_VARIABLE = YES;
				IPHONEOS_DEPLOYMENT_TARGET = 11.0;
				MTL_ENABLE_DEBUG_INFO = YES;
				ONLY_ACTIVE_ARCH = YES;
				SDKROOT = iphoneos;
			};
			name = Debug;
		};
		8C1A76E51FBD037600A5574D /* Release */ = {
			isa = XCBuildConfiguration;
			buildSettings = {
				ALWAYS_SEARCH_USER_PATHS = NO;
				CLANG_ANALYZER_NONNULL = YES;
				CLANG_ANALYZER_NUMBER_OBJECT_CONVERSION = YES_AGGRESSIVE;
				CLANG_CXX_LANGUAGE_STANDARD = "gnu++14";
				CLANG_CXX_LIBRARY = "libc++";
				CLANG_ENABLE_MODULES = YES;
				CLANG_ENABLE_OBJC_ARC = YES;
				CLANG_WARN_BLOCK_CAPTURE_AUTORELEASING = YES;
				CLANG_WARN_BOOL_CONVERSION = YES;
				CLANG_WARN_COMMA = YES;
				CLANG_WARN_CONSTANT_CONVERSION = YES;
				CLANG_WARN_DIRECT_OBJC_ISA_USAGE = YES_ERROR;
				CLANG_WARN_DOCUMENTATION_COMMENTS = YES;
				CLANG_WARN_EMPTY_BODY = YES;
				CLANG_WARN_ENUM_CONVERSION = YES;
				CLANG_WARN_INFINITE_RECURSION = YES;
				CLANG_WARN_INT_CONVERSION = YES;
				CLANG_WARN_NON_LITERAL_NULL_CONVERSION = YES;
				CLANG_WARN_OBJC_LITERAL_CONVERSION = YES;
				CLANG_WARN_OBJC_ROOT_CLASS = YES_ERROR;
				CLANG_WARN_RANGE_LOOP_ANALYSIS = YES;
				CLANG_WARN_STRICT_PROTOTYPES = YES;
				CLANG_WARN_SUSPICIOUS_MOVE = YES;
				CLANG_WARN_UNGUARDED_AVAILABILITY = YES_AGGRESSIVE;
				CLANG_WARN_UNREACHABLE_CODE = YES;
				CLANG_WARN__DUPLICATE_METHOD_MATCH = YES;
				CODE_SIGN_IDENTITY = "iPhone Developer";
				COPY_PHASE_STRIP = NO;
				DEBUG_INFORMATION_FORMAT = "dwarf-with-dsym";
				ENABLE_NS_ASSERTIONS = NO;
				ENABLE_STRICT_OBJC_MSGSEND = YES;
				GCC_C_LANGUAGE_STANDARD = gnu11;
				GCC_NO_COMMON_BLOCKS = YES;
				GCC_WARN_64_TO_32_BIT_CONVERSION = YES;
				GCC_WARN_ABOUT_RETURN_TYPE = YES_ERROR;
				GCC_WARN_UNDECLARED_SELECTOR = YES;
				GCC_WARN_UNINITIALIZED_AUTOS = YES_AGGRESSIVE;
				GCC_WARN_UNUSED_FUNCTION = YES;
				GCC_WARN_UNUSED_VARIABLE = YES;
				IPHONEOS_DEPLOYMENT_TARGET = 11.0;
				MTL_ENABLE_DEBUG_INFO = NO;
				SDKROOT = iphoneos;
				VALIDATE_PRODUCT = YES;
			};
			name = Release;
		};
		8C1A76E71FBD037600A5574D /* Debug */ = {
			isa = XCBuildConfiguration;
			buildSettings = {
				ASSETCATALOG_COMPILER_APPICON_NAME = AppIcon;
				ASSETCATALOG_COMPILER_LAUNCHIMAGE_NAME = LaunchImage;
				"CODE_SIGN_IDENTITY[sdk=iphoneos*]" = "iPhone Developer";
				CODE_SIGN_STYLE = Automatic;
				DEVELOPMENT_TEAM = EG39F3S7VH;
				INFOPLIST_FILE = "Meatier Shower/Info.plist";
				LD_RUNPATH_SEARCH_PATHS = "$(inherited) @executable_path/Frameworks";
				PRODUCT_BUNDLE_IDENTIFIER = "uk.ac.leeds.Meteor-Shower";
				PRODUCT_NAME = "$(TARGET_NAME)";
				PROVISIONING_PROFILE_SPECIFIER = "";
				TARGETED_DEVICE_FAMILY = 1;
			};
			name = Debug;
		};
		8C1A76E81FBD037600A5574D /* Release */ = {
			isa = XCBuildConfiguration;
			buildSettings = {
				ASSETCATALOG_COMPILER_APPICON_NAME = AppIcon;
				ASSETCATALOG_COMPILER_LAUNCHIMAGE_NAME = LaunchImage;
				"CODE_SIGN_IDENTITY[sdk=iphoneos*]" = "iPhone Developer";
				CODE_SIGN_STYLE = Automatic;
				DEVELOPMENT_TEAM = EG39F3S7VH;
				INFOPLIST_FILE = "Meatier Shower/Info.plist";
				LD_RUNPATH_SEARCH_PATHS = "$(inherited) @executable_path/Frameworks";
				PRODUCT_BUNDLE_IDENTIFIER = "uk.ac.leeds.Meteor-Shower";
				PRODUCT_NAME = "$(TARGET_NAME)";
				PROVISIONING_PROFILE_SPECIFIER = "";
				TARGETED_DEVICE_FAMILY = 1;
			};
			name = Release;
		};
		8C1A76EA1FBD037600A5574D /* Debug */ = {
			isa = XCBuildConfiguration;
			buildSettings = {
				BUNDLE_LOADER = "$(TEST_HOST)";
				CODE_SIGN_STYLE = Automatic;
				INFOPLIST_FILE = "Meatier ShowerTests/Info.plist";
				LD_RUNPATH_SEARCH_PATHS = "$(inherited) @executable_path/Frameworks @loader_path/Frameworks";
				PRODUCT_BUNDLE_IDENTIFIER = "uk.ac.leeds.Meatier-ShowerTests";
				PRODUCT_NAME = "$(TARGET_NAME)";
				TARGETED_DEVICE_FAMILY = "1,2";
				TEST_HOST = "$(BUILT_PRODUCTS_DIR)/Meatier Shower.app/Meatier Shower";
			};
			name = Debug;
		};
		8C1A76EB1FBD037600A5574D /* Release */ = {
			isa = XCBuildConfiguration;
			buildSettings = {
				BUNDLE_LOADER = "$(TEST_HOST)";
				CODE_SIGN_STYLE = Automatic;
				INFOPLIST_FILE = "Meatier ShowerTests/Info.plist";
				LD_RUNPATH_SEARCH_PATHS = "$(inherited) @executable_path/Frameworks @loader_path/Frameworks";
				PRODUCT_BUNDLE_IDENTIFIER = "uk.ac.leeds.Meatier-ShowerTests";
				PRODUCT_NAME = "$(TARGET_NAME)";
				TARGETED_DEVICE_FAMILY = "1,2";
				TEST_HOST = "$(BUILT_PRODUCTS_DIR)/Meatier Shower.app/Meatier Shower";
			};
			name = Release;
		};
		8C1A76ED1FBD037600A5574D /* Debug */ = {
			isa = XCBuildConfiguration;
			buildSettings = {
				CODE_SIGN_STYLE = Automatic;
				INFOPLIST_FILE = "Meatier ShowerUITests/Info.plist";
				LD_RUNPATH_SEARCH_PATHS = "$(inherited) @executable_path/Frameworks @loader_path/Frameworks";
				PRODUCT_BUNDLE_IDENTIFIER = "uk.ac.leeds.Meatier-ShowerUITests";
				PRODUCT_NAME = "$(TARGET_NAME)";
				TARGETED_DEVICE_FAMILY = "1,2";
				TEST_TARGET_NAME = "Meatier Shower";
			};
			name = Debug;
		};
		8C1A76EE1FBD037600A5574D /* Release */ = {
			isa = XCBuildConfiguration;
			buildSettings = {
				CODE_SIGN_STYLE = Automatic;
				INFOPLIST_FILE = "Meatier ShowerUITests/Info.plist";
				LD_RUNPATH_SEARCH_PATHS = "$(inherited) @executable_path/Frameworks @loader_path/Frameworks";
				PRODUCT_BUNDLE_IDENTIFIER = "uk.ac.leeds.Meatier-ShowerUITests";
				PRODUCT_NAME = "$(TARGET_NAME)";
				TARGETED_DEVICE_FAMILY = "1,2";
				TEST_TARGET_NAME = "Meatier Shower";
			};
			name = Release;
		};
/* End XCBuildConfiguration section */

/* Begin XCConfigurationList section */
		8C1A76B51FBD037600A5574D /* Build configuration list for PBXProject "Meatier Shower" */ = {
			isa = XCConfigurationList;
			buildConfigurations = (
				8C1A76E41FBD037600A5574D /* Debug */,
				8C1A76E51FBD037600A5574D /* Release */,
			);
			defaultConfigurationIsVisible = 0;
			defaultConfigurationName = Release;
		};
		8C1A76E61FBD037600A5574D /* Build configuration list for PBXNativeTarget "Meatier Shower" */ = {
			isa = XCConfigurationList;
			buildConfigurations = (
				8C1A76E71FBD037600A5574D /* Debug */,
				8C1A76E81FBD037600A5574D /* Release */,
			);
			defaultConfigurationIsVisible = 0;
			defaultConfigurationName = Release;
		};
		8C1A76E91FBD037600A5574D /* Build configuration list for PBXNativeTarget "Meatier ShowerTests" */ = {
			isa = XCConfigurationList;
			buildConfigurations = (
				8C1A76EA1FBD037600A5574D /* Debug */,
				8C1A76EB1FBD037600A5574D /* Release */,
			);
			defaultConfigurationIsVisible = 0;
			defaultConfigurationName = Release;
		};
		8C1A76EC1FBD037600A5574D /* Build configuration list for PBXNativeTarget "Meatier ShowerUITests" */ = {
			isa = XCConfigurationList;
			buildConfigurations = (
				8C1A76ED1FBD037600A5574D /* Debug */,
				8C1A76EE1FBD037600A5574D /* Release */,
			);
			defaultConfigurationIsVisible = 0;
			defaultConfigurationName = Release;
		};
/* End XCConfigurationList section */
	};
	rootObject = 8C1A76B21FBD037600A5574D /* Project object */;
}
